# THIS IS AN AUTOGENERATED FILE. DO NOT EDIT THIS FILE DIRECTLY.
# yarn lockfile v1


"react-modern-drawer@^1.1.2":
  "integrity" "sha512-v7I6gGHZnJo7mVLFV74NyazEgl7IXJSmnmFE98olhH7sP9O0ul/1l/d7YQOARWyyLPd96P0odriX+nRusDJr6g=="
  "resolved" "https://registry.npmjs.org/react-modern-drawer/-/react-modern-drawer-1.1.2.tgz"
  "version" "1.1.2"
